// !$*UTF8*$!
{
	archiveVersion = 1;
	classes = {
	};
	objectVersion = 50;
	objects = {

/* Begin PBXBuildFile section */
		0B636D10213C647300847D18 /* AppDelegate.swift in Sources */ = {isa = PBXBuildFile; fileRef = 0B636D0F213C647300847D18 /* AppDelegate.swift */; };
		0B636D15213C647300847D18 /* Main.storyboard in Resources */ = {isa = PBXBuildFile; fileRef = 0B636D13213C647300847D18 /* Main.storyboard */; };
		0B636D17213C647400847D18 /* Assets.xcassets in Resources */ = {isa = PBXBuildFile; fileRef = 0B636D16213C647400847D18 /* Assets.xcassets */; };
		0B636D1A213C647400847D18 /* LaunchScreen.storyboard in Resources */ = {isa = PBXBuildFile; fileRef = 0B636D18213C647400847D18 /* LaunchScreen.storyboard */; };
		0B636D25213C647400847D18 /* tumblr_feedTests.swift in Sources */ = {isa = PBXBuildFile; fileRef = 0B636D24213C647400847D18 /* tumblr_feedTests.swift */; };
		0B636D30213C647400847D18 /* tumblr_feedUITests.swift in Sources */ = {isa = PBXBuildFile; fileRef = 0B636D2F213C647400847D18 /* tumblr_feedUITests.swift */; };
		0B636D40213C67BE00847D18 /* PhotosViewController.swift in Sources */ = {isa = PBXBuildFile; fileRef = 0B636D3F213C67BE00847D18 /* PhotosViewController.swift */; };
		0B636D42213DC97600847D18 /* PhotoCell.swift in Sources */ = {isa = PBXBuildFile; fileRef = 0B636D41213DC97600847D18 /* PhotoCell.swift */; };
		3E82C279DB9D63D607C9C92A /* Pods_tumblr_feed.framework in Frameworks */ = {isa = PBXBuildFile; fileRef = FF91A5EB3AB707B24054CEC7 /* Pods_tumblr_feed.framework */; };
		8DC898F136A5A0478BE373C5 /* Pods_tumblr_feedUITests.framework in Frameworks */ = {isa = PBXBuildFile; fileRef = 0BB4994255AA898DA92D8D2E /* Pods_tumblr_feedUITests.framework */; };
		96426BEF19F82CBF23E247E4 /* Pods_tumblr_feedTests.framework in Frameworks */ = {isa = PBXBuildFile; fileRef = BB2BCFA35EFC617EDAB814E6 /* Pods_tumblr_feedTests.framework */; };
/* End PBXBuildFile section */

/* Begin PBXContainerItemProxy section */
		0B636D21213C647400847D18 /* PBXContainerItemProxy */ = {
			isa = PBXContainerItemProxy;
			containerPortal = 0B636D04213C647300847D18 /* Project object */;
			proxyType = 1;
			remoteGlobalIDString = 0B636D0B213C647300847D18;
			remoteInfo = tumblr_feed;
		};
		0B636D2C213C647400847D18 /* PBXContainerItemProxy */ = {
			isa = PBXContainerItemProxy;
			containerPortal = 0B636D04213C647300847D18 /* Project object */;
			proxyType = 1;
			remoteGlobalIDString = 0B636D0B213C647300847D18;
			remoteInfo = tumblr_feed;
		};
/* End PBXContainerItemProxy section */

/* Begin PBXFileReference section */
		0B636D0C213C647300847D18 /* tumblr_feed.app */ = {isa = PBXFileReference; explicitFileType = wrapper.application; includeInIndex = 0; path = tumblr_feed.app; sourceTree = BUILT_PRODUCTS_DIR; };
		0B636D0F213C647300847D18 /* AppDelegate.swift */ = {isa = PBXFileReference; lastKnownFileType = sourcecode.swift; path = AppDelegate.swift; sourceTree = "<group>"; };
		0B636D14213C647300847D18 /* Base */ = {isa = PBXFileReference; lastKnownFileType = file.storyboard; name = Base; path = Base.lproj/Main.storyboard; sourceTree = "<group>"; };
		0B636D16213C647400847D18 /* Assets.xcassets */ = {isa = PBXFileReference; lastKnownFileType = folder.assetcatalog; path = Assets.xcassets; sourceTree = "<group>"; };
		0B636D19213C647400847D18 /* Base */ = {isa = PBXFileReference; lastKnownFileType = file.storyboard; name = Base; path = Base.lproj/LaunchScreen.storyboard; sourceTree = "<group>"; };
		0B636D1B213C647400847D18 /* Info.plist */ = {isa = PBXFileReference; lastKnownFileType = text.plist.xml; path = Info.plist; sourceTree = "<group>"; };
		0B636D20213C647400847D18 /* tumblr_feedTests.xctest */ = {isa = PBXFileReference; explicitFileType = wrapper.cfbundle; includeInIndex = 0; path = tumblr_feedTests.xctest; sourceTree = BUILT_PRODUCTS_DIR; };
		0B636D24213C647400847D18 /* tumblr_feedTests.swift */ = {isa = PBXFileReference; lastKnownFileType = sourcecode.swift; path = tumblr_feedTests.swift; sourceTree = "<group>"; };
		0B636D26213C647400847D18 /* Info.plist */ = {isa = PBXFileReference; lastKnownFileType = text.plist.xml; path = Info.plist; sourceTree = "<group>"; };
		0B636D2B213C647400847D18 /* tumblr_feedUITests.xctest */ = {isa = PBXFileReference; explicitFileType = wrapper.cfbundle; includeInIndex = 0; path = tumblr_feedUITests.xctest; sourceTree = BUILT_PRODUCTS_DIR; };
		0B636D2F213C647400847D18 /* tumblr_feedUITests.swift */ = {isa = PBXFileReference; lastKnownFileType = sourcecode.swift; path = tumblr_feedUITests.swift; sourceTree = "<group>"; };
		0B636D31213C647500847D18 /* Info.plist */ = {isa = PBXFileReference; lastKnownFileType = text.plist.xml; path = Info.plist; sourceTree = "<group>"; };
		0B636D3F213C67BE00847D18 /* PhotosViewController.swift */ = {isa = PBXFileReference; lastKnownFileType = sourcecode.swift; path = PhotosViewController.swift; sourceTree = "<group>"; };
		0B636D41213DC97600847D18 /* PhotoCell.swift */ = {isa = PBXFileReference; lastKnownFileType = sourcecode.swift; path = PhotoCell.swift; sourceTree = "<group>"; };
		0BB4994255AA898DA92D8D2E /* Pods_tumblr_feedUITests.framework */ = {isa = PBXFileReference; explicitFileType = wrapper.framework; includeInIndex = 0; path = Pods_tumblr_feedUITests.framework; sourceTree = BUILT_PRODUCTS_DIR; };
		37F485CD9AD6AA949A7F3CDF /* Pods-tumblr_feedTests.release.xcconfig */ = {isa = PBXFileReference; includeInIndex = 1; lastKnownFileType = text.xcconfig; name = "Pods-tumblr_feedTests.release.xcconfig"; path = "Pods/Target Support Files/Pods-tumblr_feedTests/Pods-tumblr_feedTests.release.xcconfig"; sourceTree = "<group>"; };
		4843BC79C66C226BCD4A1FA5 /* Pods-tumblr_feed.debug.xcconfig */ = {isa = PBXFileReference; includeInIndex = 1; lastKnownFileType = text.xcconfig; name = "Pods-tumblr_feed.debug.xcconfig"; path = "Pods/Target Support Files/Pods-tumblr_feed/Pods-tumblr_feed.debug.xcconfig"; sourceTree = "<group>"; };
		94F45E524515C708D946410E /* Pods-tumblr_feedUITests.debug.xcconfig */ = {isa = PBXFileReference; includeInIndex = 1; lastKnownFileType = text.xcconfig; name = "Pods-tumblr_feedUITests.debug.xcconfig"; path = "Pods/Target Support Files/Pods-tumblr_feedUITests/Pods-tumblr_feedUITests.debug.xcconfig"; sourceTree = "<group>"; };
		BAA935077F314650C3332B34 /* Pods-tumblr_feed.release.xcconfig */ = {isa = PBXFileReference; includeInIndex = 1; lastKnownFileType = text.xcconfig; name = "Pods-tumblr_feed.release.xcconfig"; path = "Pods/Target Support Files/Pods-tumblr_feed/Pods-tumblr_feed.release.xcconfig"; sourceTree = "<group>"; };
		BB2BCFA35EFC617EDAB814E6 /* Pods_tumblr_feedTests.framework */ = {isa = PBXFileReference; explicitFileType = wrapper.framework; includeInIndex = 0; path = Pods_tumblr_feedTests.framework; sourceTree = BUILT_PRODUCTS_DIR; };
		E38953BABA5BC29C7017C16D /* Pods-tumblr_feedUITests.release.xcconfig */ = {isa = PBXFileReference; includeInIndex = 1; lastKnownFileType = text.xcconfig; name = "Pods-tumblr_feedUITests.release.xcconfig"; path = "Pods/Target Support Files/Pods-tumblr_feedUITests/Pods-tumblr_feedUITests.release.xcconfig"; sourceTree = "<group>"; };
		EE033ADD2D9C3017992EBF8C /* Pods-tumblr_feedTests.debug.xcconfig */ = {isa = PBXFileReference; includeInIndex = 1; lastKnownFileType = text.xcconfig; name = "Pods-tumblr_feedTests.debug.xcconfig"; path = "Pods/Target Support Files/Pods-tumblr_feedTests/Pods-tumblr_feedTests.debug.xcconfig"; sourceTree = "<group>"; };
		FF91A5EB3AB707B24054CEC7 /* Pods_tumblr_feed.framework */ = {isa = PBXFileReference; explicitFileType = wrapper.framework; includeInIndex = 0; path = Pods_tumblr_feed.framework; sourceTree = BUILT_PRODUCTS_DIR; };
/* End PBXFileReference section */

/* Begin PBXFrameworksBuildPhase section */
		0B636D09213C647300847D18 /* Frameworks */ = {
			isa = PBXFrameworksBuildPhase;
			buildActionMask = 2147483647;
			files = (
				3E82C279DB9D63D607C9C92A /* Pods_tumblr_feed.framework in Frameworks */,
			);
			runOnlyForDeploymentPostprocessing = 0;
		};
		0B636D1D213C647400847D18 /* Frameworks */ = {
			isa = PBXFrameworksBuildPhase;
			buildActionMask = 2147483647;
			files = (
				96426BEF19F82CBF23E247E4 /* Pods_tumblr_feedTests.framework in Frameworks */,
			);
			runOnlyForDeploymentPostprocessing = 0;
		};
		0B636D28213C647400847D18 /* Frameworks */ = {
			isa = PBXFrameworksBuildPhase;
			buildActionMask = 2147483647;
			files = (
				8DC898F136A5A0478BE373C5 /* Pods_tumblr_feedUITests.framework in Frameworks */,
			);
			runOnlyForDeploymentPostprocessing = 0;
		};
/* End PBXFrameworksBuildPhase section */

/* Begin PBXGroup section */
		0B636D03213C647300847D18 = {
			isa = PBXGroup;
			children = (
				0B636D0E213C647300847D18 /* tumblr_feed */,
				0B636D23213C647400847D18 /* tumblr_feedTests */,
				0B636D2E213C647400847D18 /* tumblr_feedUITests */,
				0B636D0D213C647300847D18 /* Products */,
				49D2DD4C61E7F5C5CF5A17A5 /* Pods */,
				8488D6A5FC345322653DDC26 /* Frameworks */,
			);
			sourceTree = "<group>";
		};
		0B636D0D213C647300847D18 /* Products */ = {
			isa = PBXGroup;
			children = (
				0B636D0C213C647300847D18 /* tumblr_feed.app */,
				0B636D20213C647400847D18 /* tumblr_feedTests.xctest */,
				0B636D2B213C647400847D18 /* tumblr_feedUITests.xctest */,
			);
			name = Products;
			sourceTree = "<group>";
		};
		0B636D0E213C647300847D18 /* tumblr_feed */ = {
			isa = PBXGroup;
			children = (
				0B636D0F213C647300847D18 /* AppDelegate.swift */,
				0B636D41213DC97600847D18 /* PhotoCell.swift */,
				0B636D3F213C67BE00847D18 /* PhotosViewController.swift */,
				0B636D13213C647300847D18 /* Main.storyboard */,
				0B636D16213C647400847D18 /* Assets.xcassets */,
				0B636D18213C647400847D18 /* LaunchScreen.storyboard */,
				0B636D1B213C647400847D18 /* Info.plist */,
			);
			path = tumblr_feed;
			sourceTree = "<group>";
		};
		0B636D23213C647400847D18 /* tumblr_feedTests */ = {
			isa = PBXGroup;
			children = (
				0B636D24213C647400847D18 /* tumblr_feedTests.swift */,
				0B636D26213C647400847D18 /* Info.plist */,
			);
			path = tumblr_feedTests;
			sourceTree = "<group>";
		};
		0B636D2E213C647400847D18 /* tumblr_feedUITests */ = {
			isa = PBXGroup;
			children = (
				0B636D2F213C647400847D18 /* tumblr_feedUITests.swift */,
				0B636D31213C647500847D18 /* Info.plist */,
			);
			path = tumblr_feedUITests;
			sourceTree = "<group>";
		};
		49D2DD4C61E7F5C5CF5A17A5 /* Pods */ = {
			isa = PBXGroup;
			children = (
				4843BC79C66C226BCD4A1FA5 /* Pods-tumblr_feed.debug.xcconfig */,
				BAA935077F314650C3332B34 /* Pods-tumblr_feed.release.xcconfig */,
				EE033ADD2D9C3017992EBF8C /* Pods-tumblr_feedTests.debug.xcconfig */,
				37F485CD9AD6AA949A7F3CDF /* Pods-tumblr_feedTests.release.xcconfig */,
				94F45E524515C708D946410E /* Pods-tumblr_feedUITests.debug.xcconfig */,
				E38953BABA5BC29C7017C16D /* Pods-tumblr_feedUITests.release.xcconfig */,
			);
			name = Pods;
			sourceTree = "<group>";
		};
		8488D6A5FC345322653DDC26 /* Frameworks */ = {
			isa = PBXGroup;
			children = (
				FF91A5EB3AB707B24054CEC7 /* Pods_tumblr_feed.framework */,
				BB2BCFA35EFC617EDAB814E6 /* Pods_tumblr_feedTests.framework */,
				0BB4994255AA898DA92D8D2E /* Pods_tumblr_feedUITests.framework */,
			);
			name = Frameworks;
			sourceTree = "<group>";
		};
/* End PBXGroup section */

/* Begin PBXNativeTarget section */
		0B636D0B213C647300847D18 /* tumblr_feed */ = {
			isa = PBXNativeTarget;
			buildConfigurationList = 0B636D34213C647500847D18 /* Build configuration list for PBXNativeTarget "tumblr_feed" */;
			buildPhases = (
				F44AC8391149A93B6EEE91F7 /* [CP] Check Pods Manifest.lock */,
				0B636D08213C647300847D18 /* Sources */,
				0B636D09213C647300847D18 /* Frameworks */,
				0B636D0A213C647300847D18 /* Resources */,
				22617C00FCEAF2E6940602D9 /* [CP] Embed Pods Frameworks */,
			);
			buildRules = (
			);
			dependencies = (
			);
			name = tumblr_feed;
			productName = tumblr_feed;
			productReference = 0B636D0C213C647300847D18 /* tumblr_feed.app */;
			productType = "com.apple.product-type.application";
		};
		0B636D1F213C647400847D18 /* tumblr_feedTests */ = {
			isa = PBXNativeTarget;
			buildConfigurationList = 0B636D37213C647500847D18 /* Build configuration list for PBXNativeTarget "tumblr_feedTests" */;
			buildPhases = (
				0C88C634CBFD8087FB6DDEC3 /* [CP] Check Pods Manifest.lock */,
				0B636D1C213C647400847D18 /* Sources */,
				0B636D1D213C647400847D18 /* Frameworks */,
				0B636D1E213C647400847D18 /* Resources */,
			);
			buildRules = (
			);
			dependencies = (
				0B636D22213C647400847D18 /* PBXTargetDependency */,
			);
			name = tumblr_feedTests;
			productName = tumblr_feedTests;
			productReference = 0B636D20213C647400847D18 /* tumblr_feedTests.xctest */;
			productType = "com.apple.product-type.bundle.unit-test";
		};
		0B636D2A213C647400847D18 /* tumblr_feedUITests */ = {
			isa = PBXNativeTarget;
			buildConfigurationList = 0B636D3A213C647500847D18 /* Build configuration list for PBXNativeTarget "tumblr_feedUITests" */;
			buildPhases = (
				7D5EC6EE15098F3D986D50F4 /* [CP] Check Pods Manifest.lock */,
				0B636D27213C647400847D18 /* Sources */,
				0B636D28213C647400847D18 /* Frameworks */,
				0B636D29213C647400847D18 /* Resources */,
			);
			buildRules = (
			);
			dependencies = (
				0B636D2D213C647400847D18 /* PBXTargetDependency */,
			);
			name = tumblr_feedUITests;
			productName = tumblr_feedUITests;
			productReference = 0B636D2B213C647400847D18 /* tumblr_feedUITests.xctest */;
			productType = "com.apple.product-type.bundle.ui-testing";
		};
/* End PBXNativeTarget section */

/* Begin PBXProject section */
		0B636D04213C647300847D18 /* Project object */ = {
			isa = PBXProject;
			attributes = {
				LastSwiftUpdateCheck = 0940;
				LastUpgradeCheck = 0940;
				ORGANIZATIONNAME = "Andre Campbell";
				TargetAttributes = {
					0B636D0B213C647300847D18 = {
						CreatedOnToolsVersion = 9.4.1;
					};
					0B636D1F213C647400847D18 = {
						CreatedOnToolsVersion = 9.4.1;
						TestTargetID = 0B636D0B213C647300847D18;
					};
					0B636D2A213C647400847D18 = {
						CreatedOnToolsVersion = 9.4.1;
						TestTargetID = 0B636D0B213C647300847D18;
					};
				};
			};
			buildConfigurationList = 0B636D07213C647300847D18 /* Build configuration list for PBXProject "tumblr_feed" */;
			compatibilityVersion = "Xcode 9.3";
			developmentRegion = en;
			hasScannedForEncodings = 0;
			knownRegions = (
				en,
				Base,
			);
			mainGroup = 0B636D03213C647300847D18;
			productRefGroup = 0B636D0D213C647300847D18 /* Products */;
			projectDirPath = "";
			projectRoot = "";
			targets = (
				0B636D0B213C647300847D18 /* tumblr_feed */,
				0B636D1F213C647400847D18 /* tumblr_feedTests */,
				0B636D2A213C647400847D18 /* tumblr_feedUITests */,
			);
		};
/* End PBXProject section */

/* Begin PBXResourcesBuildPhase section */
		0B636D0A213C647300847D18 /* Resources */ = {
			isa = PBXResourcesBuildPhase;
			buildActionMask = 2147483647;
			files = (
				0B636D1A213C647400847D18 /* LaunchScreen.storyboard in Resources */,
				0B636D17213C647400847D18 /* Assets.xcassets in Resources */,
				0B636D15213C647300847D18 /* Main.storyboard in Resources */,
			);
			runOnlyForDeploymentPostprocessing = 0;
		};
		0B636D1E213C647400847D18 /* Resources */ = {
			isa = PBXResourcesBuildPhase;
			buildActionMask = 2147483647;
			files = (
			);
			runOnlyForDeploymentPostprocessing = 0;
		};
		0B636D29213C647400847D18 /* Resources */ = {
			isa = PBXResourcesBuildPhase;
			buildActionMask = 2147483647;
			files = (
			);
			runOnlyForDeploymentPostprocessing = 0;
		};
/* End PBXResourcesBuildPhase section */

/* Begin PBXShellScriptBuildPhase section */
		0C88C634CBFD8087FB6DDEC3 /* [CP] Check Pods Manifest.lock */ = {
			isa = PBXShellScriptBuildPhase;
			buildActionMask = 2147483647;
			files = (
			);
			inputPaths = (
				"${PODS_PODFILE_DIR_PATH}/Podfile.lock",
				"${PODS_ROOT}/Manifest.lock",
			);
			name = "[CP] Check Pods Manifest.lock";
			outputPaths = (
				"$(DERIVED_FILE_DIR)/Pods-tumblr_feedTests-checkManifestLockResult.txt",
			);
			runOnlyForDeploymentPostprocessing = 0;
			shellPath = /bin/sh;
			shellScript = "diff \"${PODS_PODFILE_DIR_PATH}/Podfile.lock\" \"${PODS_ROOT}/Manifest.lock\" > /dev/null\nif [ $? != 0 ] ; then\n    # print error to STDERR\n    echo \"error: The sandbox is not in sync with the Podfile.lock. Run 'pod install' or update your CocoaPods installation.\" >&2\n    exit 1\nfi\n# This output is used by Xcode 'outputs' to avoid re-running this script phase.\necho \"SUCCESS\" > \"${SCRIPT_OUTPUT_FILE_0}\"\n";
			showEnvVarsInLog = 0;
		};
		22617C00FCEAF2E6940602D9 /* [CP] Embed Pods Frameworks */ = {
			isa = PBXShellScriptBuildPhase;
			buildActionMask = 2147483647;
			files = (
			);
			inputPaths = (
				"${SRCROOT}/Pods/Target Support Files/Pods-tumblr_feed/Pods-tumblr_feed-frameworks.sh",
				"${BUILT_PRODUCTS_DIR}/Alamofire/Alamofire.framework",
				"${BUILT_PRODUCTS_DIR}/AlamofireImage/AlamofireImage.framework",
			);
			name = "[CP] Embed Pods Frameworks";
			outputPaths = (
				"${TARGET_BUILD_DIR}/${FRAMEWORKS_FOLDER_PATH}/Alamofire.framework",
				"${TARGET_BUILD_DIR}/${FRAMEWORKS_FOLDER_PATH}/AlamofireImage.framework",
			);
			runOnlyForDeploymentPostprocessing = 0;
			shellPath = /bin/sh;
			shellScript = "\"${SRCROOT}/Pods/Target Support Files/Pods-tumblr_feed/Pods-tumblr_feed-frameworks.sh\"\n";
			showEnvVarsInLog = 0;
		};
		7D5EC6EE15098F3D986D50F4 /* [CP] Check Pods Manifest.lock */ = {
			isa = PBXShellScriptBuildPhase;
			buildActionMask = 2147483647;
			files = (
			);
			inputPaths = (
				"${PODS_PODFILE_DIR_PATH}/Podfile.lock",
				"${PODS_ROOT}/Manifest.lock",
			);
			name = "[CP] Check Pods Manifest.lock";
			outputPaths = (
				"$(DERIVED_FILE_DIR)/Pods-tumblr_feedUITests-checkManifestLockResult.txt",
			);
			runOnlyForDeploymentPostprocessing = 0;
			shellPath = /bin/sh;
			shellScript = "diff \"${PODS_PODFILE_DIR_PATH}/Podfile.lock\" \"${PODS_ROOT}/Manifest.lock\" > /dev/null\nif [ $? != 0 ] ; then\n    # print error to STDERR\n    echo \"error: The sandbox is not in sync with the Podfile.lock. Run 'pod install' or update your CocoaPods installation.\" >&2\n    exit 1\nfi\n# This output is used by Xcode 'outputs' to avoid re-running this script phase.\necho \"SUCCESS\" > \"${SCRIPT_OUTPUT_FILE_0}\"\n";
			showEnvVarsInLog = 0;
		};
		F44AC8391149A93B6EEE91F7 /* [CP] Check Pods Manifest.lock */ = {
			isa = PBXShellScriptBuildPhase;
			buildActionMask = 2147483647;
			files = (
			);
			inputPaths = (
				"${PODS_PODFILE_DIR_PATH}/Podfile.lock",
				"${PODS_ROOT}/Manifest.lock",
			);
			name = "[CP] Check Pods Manifest.lock";
			outputPaths = (
				"$(DERIVED_FILE_DIR)/Pods-tumblr_feed-checkManifestLockResult.txt",
			);
			runOnlyForDeploymentPostprocessing = 0;
			shellPath = /bin/sh;
			shellScript = "diff \"${PODS_PODFILE_DIR_PATH}/Podfile.lock\" \"${PODS_ROOT}/Manifest.lock\" > /dev/null\nif [ $? != 0 ] ; then\n    # print error to STDERR\n    echo \"error: The sandbox is not in sync with the Podfile.lock. Run 'pod install' or update your CocoaPods installation.\" >&2\n    exit 1\nfi\n# This output is used by Xcode 'outputs' to avoid re-running this script phase.\necho \"SUCCESS\" > \"${SCRIPT_OUTPUT_FILE_0}\"\n";
			showEnvVarsInLog = 0;
		};
/* End PBXShellScriptBuildPhase section */

/* Begin PBXSourcesBuildPhase section */
		0B636D08213C647300847D18 /* Sources */ = {
			isa = PBXSourcesBuildPhase;
			buildActionMask = 2147483647;
			files = (
				0B636D10213C647300847D18 /* AppDelegate.swift in Sources */,
				0B636D42213DC97600847D18 /* PhotoCell.swift in Sources */,
				0B636D40213C67BE00847D18 /* PhotosViewController.swift in Sources */,
			);
			runOnlyForDeploymentPostprocessing = 0;
		};
		0B636D1C213C647400847D18 /* Sources */ = {
			isa = PBXSourcesBuildPhase;
			buildActionMask = 2147483647;
			files = (
				0B636D25213C647400847D18 /* tumblr_feedTests.swift in Sources */,
			);
			runOnlyForDeploymentPostprocessing = 0;
		};
		0B636D27213C647400847D18 /* Sources */ = {
			isa = PBXSourcesBuildPhase;
			buildActionMask = 2147483647;
			files = (
				0B636D30213C647400847D18 /* tumblr_feedUITests.swift in Sources */,
			);
			runOnlyForDeploymentPostprocessing = 0;
		};
/* End PBXSourcesBuildPhase section */

/* Begin PBXTargetDependency section */
		0B636D22213C647400847D18 /* PBXTargetDependency */ = {
			isa = PBXTargetDependency;
			target = 0B636D0B213C647300847D18 /* tumblr_feed */;
			targetProxy = 0B636D21213C647400847D18 /* PBXContainerItemProxy */;
		};
		0B636D2D213C647400847D18 /* PBXTargetDependency */ = {
			isa = PBXTargetDependency;
			target = 0B636D0B213C647300847D18 /* tumblr_feed */;
			targetProxy = 0B636D2C213C647400847D18 /* PBXContainerItemProxy */;
		};
/* End PBXTargetDependency section */

/* Begin PBXVariantGroup section */
		0B636D13213C647300847D18 /* Main.storyboard */ = {
			isa = PBXVariantGroup;
			children = (
				0B636D14213C647300847D18 /* Base */,
			);
			name = Main.storyboard;
			sourceTree = "<group>";
		};
		0B636D18213C647400847D18 /* LaunchScreen.storyboard */ = {
			isa = PBXVariantGroup;
			children = (
				0B636D19213C647400847D18 /* Base */,
			);
			name = LaunchScreen.storyboard;
			sourceTree = "<group>";
		};
/* End PBXVariantGroup section */

/* Begin XCBuildConfiguration section */
		0B636D32213C647500847D18 /* Debug */ = {
			isa = XCBuildConfiguration;
			buildSettings = {
				ALWAYS_SEARCH_USER_PATHS = NO;
				CLANG_ANALYZER_NONNULL = YES;
				CLANG_ANALYZER_NUMBER_OBJECT_CONVERSION = YES_AGGRESSIVE;
				CLANG_CXX_LANGUAGE_STANDARD = "gnu++14";
				CLANG_CXX_LIBRARY = "libc++";
				CLANG_ENABLE_MODULES = YES;
				CLANG_ENABLE_OBJC_ARC = YES;
				CLANG_ENABLE_OBJC_WEAK = YES;
				CLANG_WARN_BLOCK_CAPTURE_AUTORELEASING = YES;
				CLANG_WARN_BOOL_CONVERSION = YES;
				CLANG_WARN_COMMA = YES;
				CLANG_WARN_CONSTANT_CONVERSION = YES;
				CLANG_WARN_DEPRECATED_OBJC_IMPLEMENTATIONS = YES;
				CLANG_WARN_DIRECT_OBJC_ISA_USAGE = YES_ERROR;
				CLANG_WARN_DOCUMENTATION_COMMENTS = YES;
				CLANG_WARN_EMPTY_BODY = YES;
				CLANG_WARN_ENUM_CONVERSION = YES;
				CLANG_WARN_INFINITE_RECURSION = YES;
				CLANG_WARN_INT_CONVERSION = YES;
				CLANG_WARN_NON_LITERAL_NULL_CONVERSION = YES;
				CLANG_WARN_OBJC_IMPLICIT_RETAIN_SELF = YES;
				CLANG_WARN_OBJC_LITERAL_CONVERSION = YES;
				CLANG_WARN_OBJC_ROOT_CLASS = YES_ERROR;
				CLANG_WARN_RANGE_LOOP_ANALYSIS = YES;
				CLANG_WARN_STRICT_PROTOTYPES = YES;
				CLANG_WARN_SUSPICIOUS_MOVE = YES;
				CLANG_WARN_UNGUARDED_AVAILABILITY = YES_AGGRESSIVE;
				CLANG_WARN_UNREACHABLE_CODE = YES;
				CLANG_WARN__DUPLICATE_METHOD_MATCH = YES;
				CODE_SIGN_IDENTITY = "iPhone Developer";
				COPY_PHASE_STRIP = NO;
				DEBUG_INFORMATION_FORMAT = dwarf;
				ENABLE_STRICT_OBJC_MSGSEND = YES;
				ENABLE_TESTABILITY = YES;
				GCC_C_LANGUAGE_STANDARD = gnu11;
				GCC_DYNAMIC_NO_PIC = NO;
				GCC_NO_COMMON_BLOCKS = YES;
				GCC_OPTIMIZATION_LEVEL = 0;
				GCC_PREPROCESSOR_DEFINITIONS = (
					"DEBUG=1",
					"$(inherited)",
				);
				GCC_WARN_64_TO_32_BIT_CONVERSION = YES;
				GCC_WARN_ABOUT_RETURN_TYPE = YES_ERROR;
				GCC_WARN_UNDECLARED_SELECTOR = YES;
				GCC_WARN_UNINITIALIZED_AUTOS = YES_AGGRESSIVE;
				GCC_WARN_UNUSED_FUNCTION = YES;
				GCC_WARN_UNUSED_VARIABLE = YES;
				IPHONEOS_DEPLOYMENT_TARGET = 11.4;
				MTL_ENABLE_DEBUG_INFO = YES;
				ONLY_ACTIVE_ARCH = YES;
				SDKROOT = iphoneos;
				SWIFT_ACTIVE_COMPILATION_CONDITIONS = DEBUG;
				SWIFT_OPTIMIZATION_LEVEL = "-Onone";
			};
			name = Debug;
		};
		0B636D33213C647500847D18 /* Release */ = {
			isa = XCBuildConfiguration;
			buildSettings = {
				ALWAYS_SEARCH_USER_PATHS = NO;
				CLANG_ANALYZER_NONNULL = YES;
				CLANG_ANALYZER_NUMBER_OBJECT_CONVERSION = YES_AGGRESSIVE;
				CLANG_CXX_LANGUAGE_STANDARD = "gnu++14";
				CLANG_CXX_LIBRARY = "libc++";
				CLANG_ENABLE_MODULES = YES;
				CLANG_ENABLE_OBJC_ARC = YES;
				CLANG_ENABLE_OBJC_WEAK = YES;
				CLANG_WARN_BLOCK_CAPTURE_AUTORELEASING = YES;
				CLANG_WARN_BOOL_CONVERSION = YES;
				CLANG_WARN_COMMA = YES;
				CLANG_WARN_CONSTANT_CONVERSION = YES;
				CLANG_WARN_DEPRECATED_OBJC_IMPLEMENTATIONS = YES;
				CLANG_WARN_DIRECT_OBJC_ISA_USAGE = YES_ERROR;
				CLANG_WARN_DOCUMENTATION_COMMENTS = YES;
				CLANG_WARN_EMPTY_BODY = YES;
				CLANG_WARN_ENUM_CONVERSION = YES;
				CLANG_WARN_INFINITE_RECURSION = YES;
				CLANG_WARN_INT_CONVERSION = YES;
				CLANG_WARN_NON_LITERAL_NULL_CONVERSION = YES;
				CLANG_WARN_OBJC_IMPLICIT_RETAIN_SELF = YES;
				CLANG_WARN_OBJC_LITERAL_CONVERSION = YES;
				CLANG_WARN_OBJC_ROOT_CLASS = YES_ERROR;
				CLANG_WARN_RANGE_LOOP_ANALYSIS = YES;
				CLANG_WARN_STRICT_PROTOTYPES = YES;
				CLANG_WARN_SUSPICIOUS_MOVE = YES;
				CLANG_WARN_UNGUARDED_AVAILABILITY = YES_AGGRESSIVE;
				CLANG_WARN_UNREACHABLE_CODE = YES;
				CLANG_WARN__DUPLICATE_METHOD_MATCH = YES;
				CODE_SIGN_IDENTITY = "iPhone Developer";
				COPY_PHASE_STRIP = NO;
				DEBUG_INFORMATION_FORMAT = "dwarf-with-dsym";
				ENABLE_NS_ASSERTIONS = NO;
				ENABLE_STRICT_OBJC_MSGSEND = YES;
				GCC_C_LANGUAGE_STANDARD = gnu11;
				GCC_NO_COMMON_BLOCKS = YES;
				GCC_WARN_64_TO_32_BIT_CONVERSION = YES;
				GCC_WARN_ABOUT_RETURN_TYPE = YES_ERROR;
				GCC_WARN_UNDECLARED_SELECTOR = YES;
				GCC_WARN_UNINITIALIZED_AUTOS = YES_AGGRESSIVE;
				GCC_WARN_UNUSED_FUNCTION = YES;
				GCC_WARN_UNUSED_VARIABLE = YES;
				IPHONEOS_DEPLOYMENT_TARGET = 11.4;
				MTL_ENABLE_DEBUG_INFO = NO;
				SDKROOT = iphoneos;
				SWIFT_COMPILATION_MODE = wholemodule;
				SWIFT_OPTIMIZATION_LEVEL = "-O";
				VALIDATE_PRODUCT = YES;
			};
			name = Release;
		};
		0B636D35213C647500847D18 /* Debug */ = {
			isa = XCBuildConfiguration;
			baseConfigurationReference = 4843BC79C66C226BCD4A1FA5 /* Pods-tumblr_feed.debug.xcconfig */;
			buildSettings = {
				ASSETCATALOG_COMPILER_APPICON_NAME = AppIcon;
				CODE_SIGN_STYLE = Automatic;
				DEVELOPMENT_TEAM = E36ZQJYBY6;
				INFOPLIST_FILE = tumblr_feed/Info.plist;
				LD_RUNPATH_SEARCH_PATHS = (
					"$(inherited)",
					"@executable_path/Frameworks",
				);
				PRODUCT_BUNDLE_IDENTIFIER = "com.tumblr-feed";
				PRODUCT_NAME = "$(TARGET_NAME)";
				SWIFT_VERSION = 4.0;
				TARGETED_DEVICE_FAMILY = "1,2";
			};
			name = Debug;
		};
		0B636D36213C647500847D18 /* Release */ = {
			isa = XCBuildConfiguration;
			baseConfigurationReference = BAA935077F314650C3332B34 /* Pods-tumblr_feed.release.xcconfig */;
			buildSettings = {
				ASSETCATALOG_COMPILER_APPICON_NAME = AppIcon;
				CODE_SIGN_STYLE = Automatic;
				DEVELOPMENT_TEAM = E36ZQJYBY6;
				INFOPLIST_FILE = tumblr_feed/Info.plist;
				LD_RUNPATH_SEARCH_PATHS = (
					"$(inherited)",
					"@executable_path/Frameworks",
				);
				PRODUCT_BUNDLE_IDENTIFIER = "com.tumblr-feed";
				PRODUCT_NAME = "$(TARGET_NAME)";
				SWIFT_VERSION = 4.0;
				TARGETED_DEVICE_FAMILY = "1,2";
			};
			name = Release;
		};
		0B636D38213C647500847D18 /* Debug */ = {
			isa = XCBuildConfiguration;
			baseConfigurationReference = EE033ADD2D9C3017992EBF8C /* Pods-tumblr_feedTests.debug.xcconfig */;
			buildSettings = {
				ALWAYS_EMBED_SWIFT_STANDARD_LIBRARIES = YES;
				BUNDLE_LOADER = "$(TEST_HOST)";
				CODE_SIGN_STYLE = Automatic;
				DEVELOPMENT_TEAM = E36ZQJYBY6;
				INFOPLIST_FILE = tumblr_feedTests/Info.plist;
				LD_RUNPATH_SEARCH_PATHS = (
					"$(inherited)",
					"@executable_path/Frameworks",
					"@loader_path/Frameworks",
				);
				PRODUCT_BUNDLE_IDENTIFIER = "com.tumblr-feedTests";
				PRODUCT_NAME = "$(TARGET_NAME)";
				SWIFT_VERSION = 4.0;
				TARGETED_DEVICE_FAMILY = "1,2";
				TEST_HOST = "$(BUILT_PRODUCTS_DIR)/tumblr_feed.app/tumblr_feed";
			};
			name = Debug;
		};
		0B636D39213C647500847D18 /* Release */ = {
			isa = XCBuildConfiguration;
			baseConfigurationReference = 37F485CD9AD6AA949A7F3CDF /* Pods-tumblr_feedTests.release.xcconfig */;
			buildSettings = {
				ALWAYS_EMBED_SWIFT_STANDARD_LIBRARIES = YES;
				BUNDLE_LOADER = "$(TEST_HOST)";
				CODE_SIGN_STYLE = Automatic;
				DEVELOPMENT_TEAM = E36ZQJYBY6;
				INFOPLIST_FILE = tumblr_feedTests/Info.plist;
				LD_RUNPATH_SEARCH_PATHS = (
					"$(inherited)",
					"@executable_path/Frameworks",
					"@loader_path/Frameworks",
				);
				PRODUCT_BUNDLE_IDENTIFIER = "com.tumblr-feedTests";
				PRODUCT_NAME = "$(TARGET_NAME)";
				SWIFT_VERSION = 4.0;
				TARGETED_DEVICE_FAMILY = "1,2";
				TEST_HOST = "$(BUILT_PRODUCTS_DIR)/tumblr_feed.app/tumblr_feed";
			};
			name = Release;
		};
		0B636D3B213C647500847D18 /* Debug */ = {
			isa = XCBuildConfiguration;
			baseConfigurationReference = 94F45E524515C708D946410E /* Pods-tumblr_feedUITests.debug.xcconfig */;
			buildSettings = {
				ALWAYS_EMBED_SWIFT_STANDARD_LIBRARIES = YES;
				CODE_SIGN_STYLE = Automatic;
				DEVELOPMENT_TEAM = E36ZQJYBY6;
				INFOPLIST_FILE = tumblr_feedUITests/Info.plist;
				LD_RUNPATH_SEARCH_PATHS = (
					"$(inherited)",
					"@executable_path/Frameworks",
					"@loader_path/Frameworks",
				);
				PRODUCT_BUNDLE_IDENTIFIER = "com.tumblr-feedUITests";
				PRODUCT_NAME = "$(TARGET_NAME)";
				SWIFT_VERSION = 4.0;
				TARGETED_DEVICE_FAMILY = "1,2";
				TEST_TARGET_NAME = tumblr_feed;
			};
			name = Debug;
		};
		0B636D3C213C647500847D18 /* Release */ = {
			isa = XCBuildConfiguration;
			baseConfigurationReference = E38953BABA5BC29C7017C16D /* Pods-tumblr_feedUITests.release.xcconfig */;
			buildSettings = {
				ALWAYS_EMBED_SWIFT_STANDARD_LIBRARIES = YES;
				CODE_SIGN_STYLE = Automatic;
				DEVELOPMENT_TEAM = E36ZQJYBY6;
				INFOPLIST_FILE = tumblr_feedUITests/Info.plist;
				LD_RUNPATH_SEARCH_PATHS = (
					"$(inherited)",
					"@executable_path/Frameworks",
					"@loader_path/Frameworks",
				);
				PRODUCT_BUNDLE_IDENTIFIER = "com.tumblr-feedUITests";
				PRODUCT_NAME = "$(TARGET_NAME)";
				SWIFT_VERSION = 4.0;
				TARGETED_DEVICE_FAMILY = "1,2";
				TEST_TARGET_NAME = tumblr_feed;
			};
			name = Release;
		};
/* End XCBuildConfiguration section */

/* Begin XCConfigurationList section */
		0B636D07213C647300847D18 /* Build configuration list for PBXProject "tumblr_feed" */ = {
			isa = XCConfigurationList;
			buildConfigurations = (
				0B636D32213C647500847D18 /* Debug */,
				0B636D33213C647500847D18 /* Release */,
			);
			defaultConfigurationIsVisible = 0;
			defaultConfigurationName = Release;
		};
		0B636D34213C647500847D18 /* Build configuration list for PBXNativeTarget "tumblr_feed" */ = {
			isa = XCConfigurationList;
			buildConfigurations = (
				0B636D35213C647500847D18 /* Debug */,
				0B636D36213C647500847D18 /* Release */,
			);
			defaultConfigurationIsVisible = 0;
			defaultConfigurationName = Release;
		};
		0B636D37213C647500847D18 /* Build configuration list for PBXNativeTarget "tumblr_feedTests" */ = {
			isa = XCConfigurationList;
			buildConfigurations = (
				0B636D38213C647500847D18 /* Debug */,
				0B636D39213C647500847D18 /* Release */,
			);
			defaultConfigurationIsVisible = 0;
			defaultConfigurationName = Release;
		};
		0B636D3A213C647500847D18 /* Build configuration list for PBXNativeTarget "tumblr_feedUITests" */ = {
			isa = XCConfigurationList;
			buildConfigurations = (
				0B636D3B213C647500847D18 /* Debug */,
				0B636D3C213C647500847D18 /* Release */,
			);
			defaultConfigurationIsVisible = 0;
			defaultConfigurationName = Release;
		};
/* End XCConfigurationList section */
	};
	rootObject = 0B636D04213C647300847D18 /* Project object */;
}
